
Microsoft Visual Studio Solution File, Format Version 12.00
# Visual Studio Version 16
VisualStudioVersion = 25.0.1706.1
MinimumVisualStudioVersion = 10.0.40219.1
Project("{FAE04EC0-301F-11D3-BF4B-00C04F79EFBC}") = "macOS", "macOS.csproj", "{72DD7216-5298-4D20-B784-3DA68EFA5E64}"
EndProject
Global
	GlobalSection(SolutionConfigurationPlatforms) = preSolution
		Debug|Any CPU = Debug|Any CPU
		Release|Any CPU = Release|Any CPU
	EndGlobalSection
	GlobalSection(ProjectConfigurationPlatforms) = postSolution
		{72DD7216-5298-4D20-B784-3DA68EFA5E64}.Debug|Any CPU.ActiveCfg = Debug|Any CPU
		{72DD7216-5298-4D20-B784-3DA68EFA5E64}.Debug|Any CPU.Build.0 = Debug|Any CPU
		{72DD7216-5298-4D20-B784-3DA68EFA5E64}.Release|Any CPU.ActiveCfg = Release|Any CPU
		{72DD7216-5298-4D20-B784-3DA68EFA5E64}.Release|Any CPU.Build.0 = Release|Any CPU
	EndGlobalSection
	GlobalSection(SolutionProperties) = preSolution
		HideSolutionNode = FALSE
	EndGlobalSection
	GlobalSection(ExtensibilityGlobals) = postSolution
		SolutionGuid = {AF3B8618-09D7-493E-A4C4-E7CB38A084CC}
	EndGlobalSection
EndGlobal
